
Microsoft Visual Studio Solution File, Format Version 12.00
# Visual Studio Version 16
VisualStudioVersion = 16.0.29424.173
MinimumVisualStudioVersion = 10.0.40219.1
Project("{2150E333-8FDC-42A3-9474-1A3956D46DE8}") = "1.0 Clients", "1.0 Clients", "{ED86C7C4-7042-456D-9609-D173AE151AE1}"
EndProject
Project("{2150E333-8FDC-42A3-9474-1A3956D46DE8}") = "2.0 Application", "2.0 Application", "{F0CC0ECF-E515-48A6-83F5-2EAF3DD7EB59}"
EndProject
Project("{2150E333-8FDC-42A3-9474-1A3956D46DE8}") = "3.0 Core", "3.0 Core", "{027ADE96-A078-414B-B816-BCF53863915B}"
EndProject
Project("{2150E333-8FDC-42A3-9474-1A3956D46DE8}") = "5.0 Tests", "5.0 Tests", "{0B89BB3E-5216-4B75-A2E4-9EC08E200E1C}"
EndProject
Project("{2150E333-8FDC-42A3-9474-1A3956D46DE8}") = "1.1 Database", "1.1 Database", "{489AE2D8-D2EC-4164-9C04-FABAB6FC8DAE}"
EndProject
Project("{2150E333-8FDC-42A3-9474-1A3956D46DE8}") = "1.2 Security", "1.2 Security", "{D20ECA97-E0D3-439D-8339-13945759AC53}"
EndProject
Project("{9A19103F-16F7-4668-BE54-9A1E7A4F7556}") = "SurveyForms.Clients.AngularAdminGUI", "SurveyForms.Clients.AngularAdminGUI\SurveyForms.Clients.AngularAdminGUI.csproj", "{F5C82636-EE06-43F1-B312-E9AC97844977}"
EndProject
Project("{9A19103F-16F7-4668-BE54-9A1E7A4F7556}") = "SurveyForms.Clients.API", "SurveyForms.Clients.API\SurveyForms.Clients.API.csproj", "{C1414278-3AF5-4873-B76F-07CE5E9AEAAE}"
EndProject
Project("{9A19103F-16F7-4668-BE54-9A1E7A4F7556}") = "SurveyForms.Core.Domain", "SurveyForms.Core.Domain\SurveyForms.Core.Domain.csproj", "{283F4D01-FEDD-401A-880C-3FB10AE8C3C6}"
EndProject
Project("{9A19103F-16F7-4668-BE54-9A1E7A4F7556}") = "SurveyForms.Application", "SurveyForms.Application\SurveyForms.Application.csproj", "{33B1802A-CEFF-4D83-8613-98D936A13E5E}"
EndProject
Project("{9A19103F-16F7-4668-BE54-9A1E7A4F7556}") = "SurveyForms.Security.DevAuth", "SurveyForms.Security.DevAuth\SurveyForms.Security.DevAuth.csproj", "{C56F66EF-9493-4B2E-864E-12A139492EEA}"
EndProject
Project("{9A19103F-16F7-4668-BE54-9A1E7A4F7556}") = "SurveyForms.Database.AuthDb", "SurveyForms.Database.AuthDb\SurveyForms.Database.AuthDb.csproj", "{2AC56BE4-D419-4803-B74D-E0ACDC033B39}"
EndProject
Project("{9A19103F-16F7-4668-BE54-9A1E7A4F7556}") = "SurveyForms.Database.FormAdminDb", "SurveyForms.Database.FormAdminDb\SurveyForms.Database.FormAdminDb.csproj", "{7993E98E-DE95-4C20-9E43-F011272D3659}"
EndProject
Global
	GlobalSection(SolutionConfigurationPlatforms) = preSolution
		Debug|Any CPU = Debug|Any CPU
		Release|Any CPU = Release|Any CPU
	EndGlobalSection
	GlobalSection(ProjectConfigurationPlatforms) = postSolution
		{F5C82636-EE06-43F1-B312-E9AC97844977}.Debug|Any CPU.ActiveCfg = Debug|Any CPU
		{F5C82636-EE06-43F1-B312-E9AC97844977}.Debug|Any CPU.Build.0 = Debug|Any CPU
		{F5C82636-EE06-43F1-B312-E9AC97844977}.Release|Any CPU.ActiveCfg = Release|Any CPU
		{F5C82636-EE06-43F1-B312-E9AC97844977}.Release|Any CPU.Build.0 = Release|Any CPU
		{C1414278-3AF5-4873-B76F-07CE5E9AEAAE}.Debug|Any CPU.ActiveCfg = Debug|Any CPU
		{C1414278-3AF5-4873-B76F-07CE5E9AEAAE}.Debug|Any CPU.Build.0 = Debug|Any CPU
		{C1414278-3AF5-4873-B76F-07CE5E9AEAAE}.Release|Any CPU.ActiveCfg = Release|Any CPU
		{C1414278-3AF5-4873-B76F-07CE5E9AEAAE}.Release|Any CPU.Build.0 = Release|Any CPU
		{283F4D01-FEDD-401A-880C-3FB10AE8C3C6}.Debug|Any CPU.ActiveCfg = Debug|Any CPU
		{283F4D01-FEDD-401A-880C-3FB10AE8C3C6}.Debug|Any CPU.Build.0 = Debug|Any CPU
		{283F4D01-FEDD-401A-880C-3FB10AE8C3C6}.Release|Any CPU.ActiveCfg = Release|Any CPU
		{283F4D01-FEDD-401A-880C-3FB10AE8C3C6}.Release|Any CPU.Build.0 = Release|Any CPU
		{33B1802A-CEFF-4D83-8613-98D936A13E5E}.Debug|Any CPU.ActiveCfg = Debug|Any CPU
		{33B1802A-CEFF-4D83-8613-98D936A13E5E}.Debug|Any CPU.Build.0 = Debug|Any CPU
		{33B1802A-CEFF-4D83-8613-98D936A13E5E}.Release|Any CPU.ActiveCfg = Release|Any CPU
		{33B1802A-CEFF-4D83-8613-98D936A13E5E}.Release|Any CPU.Build.0 = Release|Any CPU
		{C56F66EF-9493-4B2E-864E-12A139492EEA}.Debug|Any CPU.ActiveCfg = Debug|Any CPU
		{C56F66EF-9493-4B2E-864E-12A139492EEA}.Debug|Any CPU.Build.0 = Debug|Any CPU
		{C56F66EF-9493-4B2E-864E-12A139492EEA}.Release|Any CPU.ActiveCfg = Release|Any CPU
		{C56F66EF-9493-4B2E-864E-12A139492EEA}.Release|Any CPU.Build.0 = Release|Any CPU
		{2AC56BE4-D419-4803-B74D-E0ACDC033B39}.Debug|Any CPU.ActiveCfg = Debug|Any CPU
		{2AC56BE4-D419-4803-B74D-E0ACDC033B39}.Debug|Any CPU.Build.0 = Debug|Any CPU
		{2AC56BE4-D419-4803-B74D-E0ACDC033B39}.Release|Any CPU.ActiveCfg = Release|Any CPU
		{2AC56BE4-D419-4803-B74D-E0ACDC033B39}.Release|Any CPU.Build.0 = Release|Any CPU
		{7993E98E-DE95-4C20-9E43-F011272D3659}.Debug|Any CPU.ActiveCfg = Debug|Any CPU
		{7993E98E-DE95-4C20-9E43-F011272D3659}.Debug|Any CPU.Build.0 = Debug|Any CPU
		{7993E98E-DE95-4C20-9E43-F011272D3659}.Release|Any CPU.ActiveCfg = Release|Any CPU
		{7993E98E-DE95-4C20-9E43-F011272D3659}.Release|Any CPU.Build.0 = Release|Any CPU
	EndGlobalSection
	GlobalSection(SolutionProperties) = preSolution
		HideSolutionNode = FALSE
	EndGlobalSection
	GlobalSection(NestedProjects) = preSolution
		{F5C82636-EE06-43F1-B312-E9AC97844977} = {ED86C7C4-7042-456D-9609-D173AE151AE1}
		{C1414278-3AF5-4873-B76F-07CE5E9AEAAE} = {ED86C7C4-7042-456D-9609-D173AE151AE1}
		{283F4D01-FEDD-401A-880C-3FB10AE8C3C6} = {027ADE96-A078-414B-B816-BCF53863915B}
		{33B1802A-CEFF-4D83-8613-98D936A13E5E} = {F0CC0ECF-E515-48A6-83F5-2EAF3DD7EB59}
		{C56F66EF-9493-4B2E-864E-12A139492EEA} = {D20ECA97-E0D3-439D-8339-13945759AC53}
		{2AC56BE4-D419-4803-B74D-E0ACDC033B39} = {489AE2D8-D2EC-4164-9C04-FABAB6FC8DAE}
		{7993E98E-DE95-4C20-9E43-F011272D3659} = {489AE2D8-D2EC-4164-9C04-FABAB6FC8DAE}
	EndGlobalSection
	GlobalSection(ExtensibilityGlobals) = postSolution
		SolutionGuid = {5A2CB4E3-516C-4566-9F24-B2A551D875AD}
	EndGlobalSection
EndGlobal
